<?xml version="1.0" encoding="utf-8"?>
<Project ToolsVersion="4.0" xmlns="http://schemas.microsoft.com/developer/msbuild/2003">
  <ItemGroup>
    <Filter Include="Source Files">
      <UniqueIdentifier>{4FC737F1-C7A5-4376-A066-2A32D752A2FF}</UniqueIdentifier>
      <Extensions>cpp;c;cc;cxx;def;odl;idl;hpj;bat;asm;asmx</Extensions>
    </Filter>
    <Filter Include="Header Files">
      <UniqueIdentifier>{93995380-89BD-4b04-88EB-625FBE52EBFB}</UniqueIdentifier>
      <Extensions>h;hh;hpp;hxx;hm;inl;inc;xsd</Extensions>
    </Filter>
    <Filter Include="Header Files\Resource Files">
      <UniqueIdentifier>{67DA6AB6-F800-4c08-8B7A-83BB121AAD01}</UniqueIdentifier>
      <Extensions>rc;ico;cur;bmp;dlg;rc2;rct;bin;rgs;gif;jpg;jpeg;jpe;resx;tiff;tif;png;wav;mfcribbon-ms</Extensions>
    </Filter>
  </ItemGroup>
  <ItemGroup>
    <ClInclude Include="Animal.h">
      <Filter>Header Files</Filter>
    </ClInclude>
    <ClInclude Include="repitle.h">
      <Filter>Header Files</Filter>
    </ClInclude>
    <ClInclude Include="bird.h">
      <Filter>Header Files</Filter>
    </ClInclude>
    <ClInclude Include="mammal.h">
      <Filter>Header Files</Filter>
    </ClInclude>
    <ClInclude Include="lizard.h">
      <Filter>Header Files</Filter>
    </ClInclude>
    <ClInclude Include="snake.h">
      <Filter>Header Files</Filter>
    </ClInclude>
    <ClInclude Include="eagle.h">
      <Filter>Header Files</Filter>
    </ClInclude>
    <ClInclude Include="chicken.h">
      <Filter>Header Files</Filter>
    </ClInclude>
    <ClInclude Include="bear.h">
      <Filter>Header Files</Filter>
    </ClInclude>
    <ClInclude Include="hyena.h">
      <Filter>Header Files</Filter>
    </ClInclude>
    <ClInclude Include="lion.h">
      <Filter>Header Files</Filter>
    </ClInclude>
    <ClInclude Include="Zoo.h">
      <Filter>Header Files</Filter>
    </ClInclude>
  </ItemGroup>
  <ItemGroup>
    <ClCompile Include="Animal.cpp">
      <Filter>Source Files</Filter>
    </ClCompile>
    <ClCompile Include="repitle.cpp">
      <Filter>Source Files</Filter>
    </ClCompile>
    <ClCompile Include="bird.cpp">
      <Filter>Source Files</Filter>
    </ClCompile>
    <ClCompile Include="mammal.cpp">
      <Filter>Source Files</Filter>
    </ClCompile>
    <ClCompile Include="lizard.cpp">
      <Filter>Source Files</Filter>
    </ClCompile>
    <ClCompile Include="snake.cpp">
      <Filter>Source Files</Filter>
    </ClCompile>
    <ClCompile Include="eagle.cpp">
      <Filter>Source Files</Filter>
    </ClCompile>
    <ClCompile Include="chicken.cpp">
      <Filter>Source Files</Filter>
    </ClCompile>
    <ClCompile Include="bear.cpp">
      <Filter>Source Files</Filter>
    </ClCompile>
    <ClCompile Include="hyena.cpp">
      <Filter>Source Files</Filter>
    </ClCompile>
    <ClCompile Include="lion.cpp">
      <Filter>Source Files</Filter>
    </ClCompile>
    <ClCompile Include="Zoo.cpp">
      <Filter>Source Files</Filter>
    </ClCompile>
  </ItemGroup>
  <ItemGroup>
    <None Include="ClassDiagram.cd" />
  </ItemGroup>
</Project>